// !$*UTF8*$!
{
	archiveVersion = 1;
	classes = {
	};
	objectVersion = 55;
	objects = {

/* Begin PBXBuildFile section */
		1E289742276F577F00B666D2 /* AppDelegate.swift in Sources */ = {isa = PBXBuildFile; fileRef = 1E289741276F577F00B666D2 /* AppDelegate.swift */; };
		1E289744276F577F00B666D2 /* SceneDelegate.swift in Sources */ = {isa = PBXBuildFile; fileRef = 1E289743276F577F00B666D2 /* SceneDelegate.swift */; };
		1E289746276F577F00B666D2 /* FirstViewController.swift in Sources */ = {isa = PBXBuildFile; fileRef = 1E289745276F577F00B666D2 /* FirstViewController.swift */; };
		1E28974C276F577F00B666D2 /* StockTracker.xcdatamodeld in Sources */ = {isa = PBXBuildFile; fileRef = 1E28974A276F577F00B666D2 /* StockTracker.xcdatamodeld */; };
		1E28974E276F579900B666D2 /* Assets.xcassets in Resources */ = {isa = PBXBuildFile; fileRef = 1E28974D276F579900B666D2 /* Assets.xcassets */; };
		1E289751276F579900B666D2 /* LaunchScreen.storyboard in Resources */ = {isa = PBXBuildFile; fileRef = 1E28974F276F579900B666D2 /* LaunchScreen.storyboard */; };
		1E28975A276F5A7700B666D2 /* FirstView.swift in Sources */ = {isa = PBXBuildFile; fileRef = 1E289759276F5A7700B666D2 /* FirstView.swift */; };
		1E28975C276F5A9600B666D2 /* FirstPresenter.swift in Sources */ = {isa = PBXBuildFile; fileRef = 1E28975B276F5A9600B666D2 /* FirstPresenter.swift */; };
		1E289760276F5AE900B666D2 /* IFirstPresenter.swift in Sources */ = {isa = PBXBuildFile; fileRef = 1E28975F276F5AE900B666D2 /* IFirstPresenter.swift */; };
		1E289762276F5B2300B666D2 /* IFirstView.swift in Sources */ = {isa = PBXBuildFile; fileRef = 1E289761276F5B2300B666D2 /* IFirstView.swift */; };
		1E289764276F5B5000B666D2 /* IFirstViewController.swift in Sources */ = {isa = PBXBuildFile; fileRef = 1E289763276F5B5000B666D2 /* IFirstViewController.swift */; };
		1E289766276F5BAF00B666D2 /* NetworkManager.swift in Sources */ = {isa = PBXBuildFile; fileRef = 1E289765276F5BAF00B666D2 /* NetworkManager.swift */; };
		1E289769276F5C0100B666D2 /* NetworkParser.swift in Sources */ = {isa = PBXBuildFile; fileRef = 1E289768276F5C0100B666D2 /* NetworkParser.swift */; };
		1E28976B276F5C6400B666D2 /* DBModel.swift in Sources */ = {isa = PBXBuildFile; fileRef = 1E28976A276F5C6400B666D2 /* DBModel.swift */; };
		1E28976D276F63E700B666D2 /* IDBModel.swift in Sources */ = {isa = PBXBuildFile; fileRef = 1E28976C276F63E700B666D2 /* IDBModel.swift */; };
		1E28976F276F646B00B666D2 /* INetworkManager.swift in Sources */ = {isa = PBXBuildFile; fileRef = 1E28976E276F646B00B666D2 /* INetworkManager.swift */; };
		1E289771276F648B00B666D2 /* INetworkParser.swift in Sources */ = {isa = PBXBuildFile; fileRef = 1E289770276F648B00B666D2 /* INetworkParser.swift */; };
		1E774B212776B18B00F11F29 /* SecondViewController.swift in Sources */ = {isa = PBXBuildFile; fileRef = 1E774B202776B18B00F11F29 /* SecondViewController.swift */; };
		1E774B232776B1A900F11F29 /* SecondPresenter.swift in Sources */ = {isa = PBXBuildFile; fileRef = 1E774B222776B1A900F11F29 /* SecondPresenter.swift */; };
		1E774B282776B24E00F11F29 /* ISecondViewController.swift in Sources */ = {isa = PBXBuildFile; fileRef = 1E774B272776B24E00F11F29 /* ISecondViewController.swift */; };
		1E774B2A2776B29100F11F29 /* ISecondPresenter.swift in Sources */ = {isa = PBXBuildFile; fileRef = 1E774B292776B29100F11F29 /* ISecondPresenter.swift */; };
		1E774B2C2776B2F100F11F29 /* SecondView.swift in Sources */ = {isa = PBXBuildFile; fileRef = 1E774B2B2776B2F100F11F29 /* SecondView.swift */; };
		1E774B2E2776B30700F11F29 /* ISecondView.swift in Sources */ = {isa = PBXBuildFile; fileRef = 1E774B2D2776B30700F11F29 /* ISecondView.swift */; };
		1EADEAD627706C5F0036F735 /* FirstTableViewCell.swift in Sources */ = {isa = PBXBuildFile; fileRef = 1EADEAD527706C5F0036F735 /* FirstTableViewCell.swift */; };
		1EADEAD8277092930036F735 /* Stock.swift in Sources */ = {isa = PBXBuildFile; fileRef = 1EADEAD7277092930036F735 /* Stock.swift */; };
/* End PBXBuildFile section */

/* Begin PBXFileReference section */
		1E28973E276F577F00B666D2 /* StockTracker.app */ = {isa = PBXFileReference; explicitFileType = wrapper.application; includeInIndex = 0; path = StockTracker.app; sourceTree = BUILT_PRODUCTS_DIR; };
		1E289741276F577F00B666D2 /* AppDelegate.swift */ = {isa = PBXFileReference; lastKnownFileType = sourcecode.swift; path = AppDelegate.swift; sourceTree = "<group>"; };
		1E289743276F577F00B666D2 /* SceneDelegate.swift */ = {isa = PBXFileReference; lastKnownFileType = sourcecode.swift; path = SceneDelegate.swift; sourceTree = "<group>"; };
		1E289745276F577F00B666D2 /* FirstViewController.swift */ = {isa = PBXFileReference; lastKnownFileType = sourcecode.swift; path = FirstViewController.swift; sourceTree = "<group>"; };
		1E28974B276F577F00B666D2 /* StockTracker.xcdatamodel */ = {isa = PBXFileReference; lastKnownFileType = wrapper.xcdatamodel; path = StockTracker.xcdatamodel; sourceTree = "<group>"; };
		1E28974D276F579900B666D2 /* Assets.xcassets */ = {isa = PBXFileReference; lastKnownFileType = folder.assetcatalog; path = Assets.xcassets; sourceTree = "<group>"; };
		1E289750276F579900B666D2 /* Base */ = {isa = PBXFileReference; lastKnownFileType = file.storyboard; name = Base; path = Base.lproj/LaunchScreen.storyboard; sourceTree = "<group>"; };
		1E289752276F579900B666D2 /* Info.plist */ = {isa = PBXFileReference; lastKnownFileType = text.plist.xml; path = Info.plist; sourceTree = "<group>"; };
		1E289759276F5A7700B666D2 /* FirstView.swift */ = {isa = PBXFileReference; lastKnownFileType = sourcecode.swift; path = FirstView.swift; sourceTree = "<group>"; };
		1E28975B276F5A9600B666D2 /* FirstPresenter.swift */ = {isa = PBXFileReference; lastKnownFileType = sourcecode.swift; path = FirstPresenter.swift; sourceTree = "<group>"; };
		1E28975F276F5AE900B666D2 /* IFirstPresenter.swift */ = {isa = PBXFileReference; lastKnownFileType = sourcecode.swift; path = IFirstPresenter.swift; sourceTree = "<group>"; };
		1E289761276F5B2300B666D2 /* IFirstView.swift */ = {isa = PBXFileReference; lastKnownFileType = sourcecode.swift; path = IFirstView.swift; sourceTree = "<group>"; };
		1E289763276F5B5000B666D2 /* IFirstViewController.swift */ = {isa = PBXFileReference; lastKnownFileType = sourcecode.swift; path = IFirstViewController.swift; sourceTree = "<group>"; };
		1E289765276F5BAF00B666D2 /* NetworkManager.swift */ = {isa = PBXFileReference; lastKnownFileType = sourcecode.swift; path = NetworkManager.swift; sourceTree = "<group>"; };
		1E289768276F5C0100B666D2 /* NetworkParser.swift */ = {isa = PBXFileReference; lastKnownFileType = sourcecode.swift; path = NetworkParser.swift; sourceTree = "<group>"; };
		1E28976A276F5C6400B666D2 /* DBModel.swift */ = {isa = PBXFileReference; lastKnownFileType = sourcecode.swift; path = DBModel.swift; sourceTree = "<group>"; };
		1E28976C276F63E700B666D2 /* IDBModel.swift */ = {isa = PBXFileReference; lastKnownFileType = sourcecode.swift; path = IDBModel.swift; sourceTree = "<group>"; };
		1E28976E276F646B00B666D2 /* INetworkManager.swift */ = {isa = PBXFileReference; lastKnownFileType = sourcecode.swift; path = INetworkManager.swift; sourceTree = "<group>"; };
		1E289770276F648B00B666D2 /* INetworkParser.swift */ = {isa = PBXFileReference; lastKnownFileType = sourcecode.swift; path = INetworkParser.swift; sourceTree = "<group>"; };
		1E774B202776B18B00F11F29 /* SecondViewController.swift */ = {isa = PBXFileReference; lastKnownFileType = sourcecode.swift; path = SecondViewController.swift; sourceTree = "<group>"; };
		1E774B222776B1A900F11F29 /* SecondPresenter.swift */ = {isa = PBXFileReference; lastKnownFileType = sourcecode.swift; path = SecondPresenter.swift; sourceTree = "<group>"; };
		1E774B272776B24E00F11F29 /* ISecondViewController.swift */ = {isa = PBXFileReference; lastKnownFileType = sourcecode.swift; path = ISecondViewController.swift; sourceTree = "<group>"; };
		1E774B292776B29100F11F29 /* ISecondPresenter.swift */ = {isa = PBXFileReference; lastKnownFileType = sourcecode.swift; path = ISecondPresenter.swift; sourceTree = "<group>"; };
		1E774B2B2776B2F100F11F29 /* SecondView.swift */ = {isa = PBXFileReference; lastKnownFileType = sourcecode.swift; path = SecondView.swift; sourceTree = "<group>"; };
		1E774B2D2776B30700F11F29 /* ISecondView.swift */ = {isa = PBXFileReference; lastKnownFileType = sourcecode.swift; path = ISecondView.swift; sourceTree = "<group>"; };
		1EADEAD527706C5F0036F735 /* FirstTableViewCell.swift */ = {isa = PBXFileReference; lastKnownFileType = sourcecode.swift; path = FirstTableViewCell.swift; sourceTree = "<group>"; };
		1EADEAD7277092930036F735 /* Stock.swift */ = {isa = PBXFileReference; lastKnownFileType = sourcecode.swift; path = Stock.swift; sourceTree = "<group>"; };
/* End PBXFileReference section */

/* Begin PBXFrameworksBuildPhase section */
		1E28973B276F577F00B666D2 /* Frameworks */ = {
			isa = PBXFrameworksBuildPhase;
			buildActionMask = 2147483647;
			files = (
			);
			runOnlyForDeploymentPostprocessing = 0;
		};
/* End PBXFrameworksBuildPhase section */

/* Begin PBXGroup section */
		1E289735276F577E00B666D2 = {
			isa = PBXGroup;
			children = (
				1E289740276F577F00B666D2 /* StockTracker */,
				1E28973F276F577F00B666D2 /* Products */,
			);
			sourceTree = "<group>";
		};
		1E28973F276F577F00B666D2 /* Products */ = {
			isa = PBXGroup;
			children = (
				1E28973E276F577F00B666D2 /* StockTracker.app */,
			);
			name = Products;
			sourceTree = "<group>";
		};
		1E289740276F577F00B666D2 /* StockTracker */ = {
			isa = PBXGroup;
			children = (
				1E289741276F577F00B666D2 /* AppDelegate.swift */,
				1E289743276F577F00B666D2 /* SceneDelegate.swift */,
				1E289767276F5BDE00B666D2 /* Model */,
				1E289758276F5A3D00B666D2 /* FirstScreen */,
				1E774B242776B1D600F11F29 /* SecondScreen */,
				1E28974D276F579900B666D2 /* Assets.xcassets */,
				1E28974F276F579900B666D2 /* LaunchScreen.storyboard */,
				1E289752276F579900B666D2 /* Info.plist */,
			);
			path = StockTracker;
			sourceTree = "<group>";
		};
		1E289758276F5A3D00B666D2 /* FirstScreen */ = {
			isa = PBXGroup;
			children = (
				1E28975D276F5AAD00B666D2 /* FSView */,
				1E28975E276F5ABD00B666D2 /* FSPresenter */,
			);
			path = FirstScreen;
			sourceTree = "<group>";
		};
		1E28975D276F5AAD00B666D2 /* FSView */ = {
			isa = PBXGroup;
			children = (
				1E289745276F577F00B666D2 /* FirstViewController.swift */,
				1E289763276F5B5000B666D2 /* IFirstViewController.swift */,
				1E289759276F5A7700B666D2 /* FirstView.swift */,
				1E289761276F5B2300B666D2 /* IFirstView.swift */,
				1EADEAD527706C5F0036F735 /* FirstTableViewCell.swift */,
			);
			path = FSView;
			sourceTree = "<group>";
		};
		1E28975E276F5ABD00B666D2 /* FSPresenter */ = {
			isa = PBXGroup;
			children = (
				1E28975B276F5A9600B666D2 /* FirstPresenter.swift */,
				1E28975F276F5AE900B666D2 /* IFirstPresenter.swift */,
			);
			path = FSPresenter;
			sourceTree = "<group>";
		};
		1E289767276F5BDE00B666D2 /* Model */ = {
			isa = PBXGroup;
			children = (
				1E28976A276F5C6400B666D2 /* DBModel.swift */,
				1E28976C276F63E700B666D2 /* IDBModel.swift */,
				1E289765276F5BAF00B666D2 /* NetworkManager.swift */,
				1E28976E276F646B00B666D2 /* INetworkManager.swift */,
				1E289768276F5C0100B666D2 /* NetworkParser.swift */,
				1E289770276F648B00B666D2 /* INetworkParser.swift */,
				1EADEAD7277092930036F735 /* Stock.swift */,
				1E28974A276F577F00B666D2 /* StockTracker.xcdatamodeld */,
			);
			path = Model;
			sourceTree = "<group>";
		};
		1E774B242776B1D600F11F29 /* SecondScreen */ = {
			isa = PBXGroup;
			children = (
				1E774B252776B1F100F11F29 /* SSView */,
				1E774B262776B1FE00F11F29 /* SSPresenter */,
			);
			path = SecondScreen;
			sourceTree = "<group>";
		};
		1E774B252776B1F100F11F29 /* SSView */ = {
			isa = PBXGroup;
			children = (
				1E774B202776B18B00F11F29 /* SecondViewController.swift */,
				1E774B272776B24E00F11F29 /* ISecondViewController.swift */,
				1E774B2B2776B2F100F11F29 /* SecondView.swift */,
				1E774B2D2776B30700F11F29 /* ISecondView.swift */,
			);
			path = SSView;
			sourceTree = "<group>";
		};
		1E774B262776B1FE00F11F29 /* SSPresenter */ = {
			isa = PBXGroup;
			children = (
				1E774B222776B1A900F11F29 /* SecondPresenter.swift */,
				1E774B292776B29100F11F29 /* ISecondPresenter.swift */,
			);
			path = SSPresenter;
			sourceTree = "<group>";
		};
/* End PBXGroup section */

/* Begin PBXNativeTarget section */
		1E28973D276F577F00B666D2 /* StockTracker */ = {
			isa = PBXNativeTarget;
			buildConfigurationList = 1E289755276F579900B666D2 /* Build configuration list for PBXNativeTarget "StockTracker" */;
			buildPhases = (
				1E28973A276F577F00B666D2 /* Sources */,
				1E28973B276F577F00B666D2 /* Frameworks */,
				1E28973C276F577F00B666D2 /* Resources */,
			);
			buildRules = (
			);
			dependencies = (
			);
			name = StockTracker;
			productName = StockTracker;
			productReference = 1E28973E276F577F00B666D2 /* StockTracker.app */;
			productType = "com.apple.product-type.application";
		};
/* End PBXNativeTarget section */

/* Begin PBXProject section */
		1E289736276F577F00B666D2 /* Project object */ = {
			isa = PBXProject;
			attributes = {
				BuildIndependentTargetsInParallel = 1;
				LastSwiftUpdateCheck = 1310;
				LastUpgradeCheck = 1310;
				TargetAttributes = {
					1E28973D276F577F00B666D2 = {
						CreatedOnToolsVersion = 13.1;
					};
				};
			};
			buildConfigurationList = 1E289739276F577F00B666D2 /* Build configuration list for PBXProject "StockTracker" */;
			compatibilityVersion = "Xcode 13.0";
			developmentRegion = en;
			hasScannedForEncodings = 0;
			knownRegions = (
				en,
				Base,
			);
			mainGroup = 1E289735276F577E00B666D2;
			productRefGroup = 1E28973F276F577F00B666D2 /* Products */;
			projectDirPath = "";
			projectRoot = "";
			targets = (
				1E28973D276F577F00B666D2 /* StockTracker */,
			);
		};
/* End PBXProject section */

/* Begin PBXResourcesBuildPhase section */
		1E28973C276F577F00B666D2 /* Resources */ = {
			isa = PBXResourcesBuildPhase;
			buildActionMask = 2147483647;
			files = (
				1E289751276F579900B666D2 /* LaunchScreen.storyboard in Resources */,
				1E28974E276F579900B666D2 /* Assets.xcassets in Resources */,
			);
			runOnlyForDeploymentPostprocessing = 0;
		};
/* End PBXResourcesBuildPhase section */

/* Begin PBXSourcesBuildPhase section */
		1E28973A276F577F00B666D2 /* Sources */ = {
			isa = PBXSourcesBuildPhase;
			buildActionMask = 2147483647;
			files = (
				1E289769276F5C0100B666D2 /* NetworkParser.swift in Sources */,
				1EADEAD8277092930036F735 /* Stock.swift in Sources */,
				1E28976D276F63E700B666D2 /* IDBModel.swift in Sources */,
				1E289746276F577F00B666D2 /* FirstViewController.swift in Sources */,
				1E289764276F5B5000B666D2 /* IFirstViewController.swift in Sources */,
				1E28976F276F646B00B666D2 /* INetworkManager.swift in Sources */,
				1E774B232776B1A900F11F29 /* SecondPresenter.swift in Sources */,
				1E28976B276F5C6400B666D2 /* DBModel.swift in Sources */,
				1E289766276F5BAF00B666D2 /* NetworkManager.swift in Sources */,
				1E774B2A2776B29100F11F29 /* ISecondPresenter.swift in Sources */,
				1E289760276F5AE900B666D2 /* IFirstPresenter.swift in Sources */,
				1E774B282776B24E00F11F29 /* ISecondViewController.swift in Sources */,
				1E28975A276F5A7700B666D2 /* FirstView.swift in Sources */,
				1E28974C276F577F00B666D2 /* StockTracker.xcdatamodeld in Sources */,
				1E774B2E2776B30700F11F29 /* ISecondView.swift in Sources */,
				1E28975C276F5A9600B666D2 /* FirstPresenter.swift in Sources */,
				1E774B212776B18B00F11F29 /* SecondViewController.swift in Sources */,
				1E774B2C2776B2F100F11F29 /* SecondView.swift in Sources */,
				1E289742276F577F00B666D2 /* AppDelegate.swift in Sources */,
				1E289744276F577F00B666D2 /* SceneDelegate.swift in Sources */,
				1E289771276F648B00B666D2 /* INetworkParser.swift in Sources */,
				1EADEAD627706C5F0036F735 /* FirstTableViewCell.swift in Sources */,
				1E289762276F5B2300B666D2 /* IFirstView.swift in Sources */,
			);
			runOnlyForDeploymentPostprocessing = 0;
		};
/* End PBXSourcesBuildPhase section */

/* Begin PBXVariantGroup section */
		1E28974F276F579900B666D2 /* LaunchScreen.storyboard */ = {
			isa = PBXVariantGroup;
			children = (
				1E289750276F579900B666D2 /* Base */,
			);
			name = LaunchScreen.storyboard;
			sourceTree = "<group>";
		};
/* End PBXVariantGroup section */

/* Begin XCBuildConfiguration section */
		1E289753276F579900B666D2 /* Debug */ = {
			isa = XCBuildConfiguration;
			buildSettings = {
				ALWAYS_SEARCH_USER_PATHS = NO;
				CLANG_ANALYZER_NONNULL = YES;
				CLANG_ANALYZER_NUMBER_OBJECT_CONVERSION = YES_AGGRESSIVE;
				CLANG_CXX_LANGUAGE_STANDARD = "gnu++17";
				CLANG_CXX_LIBRARY = "libc++";
				CLANG_ENABLE_MODULES = YES;
				CLANG_ENABLE_OBJC_ARC = YES;
				CLANG_ENABLE_OBJC_WEAK = YES;
				CLANG_WARN_BLOCK_CAPTURE_AUTORELEASING = YES;
				CLANG_WARN_BOOL_CONVERSION = YES;
				CLANG_WARN_COMMA = YES;
				CLANG_WARN_CONSTANT_CONVERSION = YES;
				CLANG_WARN_DEPRECATED_OBJC_IMPLEMENTATIONS = YES;
				CLANG_WARN_DIRECT_OBJC_ISA_USAGE = YES_ERROR;
				CLANG_WARN_DOCUMENTATION_COMMENTS = YES;
				CLANG_WARN_EMPTY_BODY = YES;
				CLANG_WARN_ENUM_CONVERSION = YES;
				CLANG_WARN_INFINITE_RECURSION = YES;
				CLANG_WARN_INT_CONVERSION = YES;
				CLANG_WARN_NON_LITERAL_NULL_CONVERSION = YES;
				CLANG_WARN_OBJC_IMPLICIT_RETAIN_SELF = YES;
				CLANG_WARN_OBJC_LITERAL_CONVERSION = YES;
				CLANG_WARN_OBJC_ROOT_CLASS = YES_ERROR;
				CLANG_WARN_QUOTED_INCLUDE_IN_FRAMEWORK_HEADER = YES;
				CLANG_WARN_RANGE_LOOP_ANALYSIS = YES;
				CLANG_WARN_STRICT_PROTOTYPES = YES;
				CLANG_WARN_SUSPICIOUS_MOVE = YES;
				CLANG_WARN_UNGUARDED_AVAILABILITY = YES_AGGRESSIVE;
				CLANG_WARN_UNREACHABLE_CODE = YES;
				CLANG_WARN__DUPLICATE_METHOD_MATCH = YES;
				COPY_PHASE_STRIP = NO;
				DEBUG_INFORMATION_FORMAT = dwarf;
				ENABLE_STRICT_OBJC_MSGSEND = YES;
				ENABLE_TESTABILITY = YES;
				GCC_C_LANGUAGE_STANDARD = gnu11;
				GCC_DYNAMIC_NO_PIC = NO;
				GCC_NO_COMMON_BLOCKS = YES;
				GCC_OPTIMIZATION_LEVEL = 0;
				GCC_PREPROCESSOR_DEFINITIONS = (
					"DEBUG=1",
					"$(inherited)",
				);
				GCC_WARN_64_TO_32_BIT_CONVERSION = YES;
				GCC_WARN_ABOUT_RETURN_TYPE = YES_ERROR;
				GCC_WARN_UNDECLARED_SELECTOR = YES;
				GCC_WARN_UNINITIALIZED_AUTOS = YES_AGGRESSIVE;
				GCC_WARN_UNUSED_FUNCTION = YES;
				GCC_WARN_UNUSED_VARIABLE = YES;
				IPHONEOS_DEPLOYMENT_TARGET = 15.0;
				MTL_ENABLE_DEBUG_INFO = INCLUDE_SOURCE;
				MTL_FAST_MATH = YES;
				ONLY_ACTIVE_ARCH = YES;
				SDKROOT = iphoneos;
				SWIFT_ACTIVE_COMPILATION_CONDITIONS = DEBUG;
				SWIFT_OPTIMIZATION_LEVEL = "-Onone";
			};
			name = Debug;
		};
		1E289754276F579900B666D2 /* Release */ = {
			isa = XCBuildConfiguration;
			buildSettings = {
				ALWAYS_SEARCH_USER_PATHS = NO;
				CLANG_ANALYZER_NONNULL = YES;
				CLANG_ANALYZER_NUMBER_OBJECT_CONVERSION = YES_AGGRESSIVE;
				CLANG_CXX_LANGUAGE_STANDARD = "gnu++17";
				CLANG_CXX_LIBRARY = "libc++";
				CLANG_ENABLE_MODULES = YES;
				CLANG_ENABLE_OBJC_ARC = YES;
				CLANG_ENABLE_OBJC_WEAK = YES;
				CLANG_WARN_BLOCK_CAPTURE_AUTORELEASING = YES;
				CLANG_WARN_BOOL_CONVERSION = YES;
				CLANG_WARN_COMMA = YES;
				CLANG_WARN_CONSTANT_CONVERSION = YES;
				CLANG_WARN_DEPRECATED_OBJC_IMPLEMENTATIONS = YES;
				CLANG_WARN_DIRECT_OBJC_ISA_USAGE = YES_ERROR;
				CLANG_WARN_DOCUMENTATION_COMMENTS = YES;
				CLANG_WARN_EMPTY_BODY = YES;
				CLANG_WARN_ENUM_CONVERSION = YES;
				CLANG_WARN_INFINITE_RECURSION = YES;
				CLANG_WARN_INT_CONVERSION = YES;
				CLANG_WARN_NON_LITERAL_NULL_CONVERSION = YES;
				CLANG_WARN_OBJC_IMPLICIT_RETAIN_SELF = YES;
				CLANG_WARN_OBJC_LITERAL_CONVERSION = YES;
				CLANG_WARN_OBJC_ROOT_CLASS = YES_ERROR;
				CLANG_WARN_QUOTED_INCLUDE_IN_FRAMEWORK_HEADER = YES;
				CLANG_WARN_RANGE_LOOP_ANALYSIS = YES;
				CLANG_WARN_STRICT_PROTOTYPES = YES;
				CLANG_WARN_SUSPICIOUS_MOVE = YES;
				CLANG_WARN_UNGUARDED_AVAILABILITY = YES_AGGRESSIVE;
				CLANG_WARN_UNREACHABLE_CODE = YES;
				CLANG_WARN__DUPLICATE_METHOD_MATCH = YES;
				COPY_PHASE_STRIP = NO;
				DEBUG_INFORMATION_FORMAT = "dwarf-with-dsym";
				ENABLE_NS_ASSERTIONS = NO;
				ENABLE_STRICT_OBJC_MSGSEND = YES;
				GCC_C_LANGUAGE_STANDARD = gnu11;
				GCC_NO_COMMON_BLOCKS = YES;
				GCC_WARN_64_TO_32_BIT_CONVERSION = YES;
				GCC_WARN_ABOUT_RETURN_TYPE = YES_ERROR;
				GCC_WARN_UNDECLARED_SELECTOR = YES;
				GCC_WARN_UNINITIALIZED_AUTOS = YES_AGGRESSIVE;
				GCC_WARN_UNUSED_FUNCTION = YES;
				GCC_WARN_UNUSED_VARIABLE = YES;
				IPHONEOS_DEPLOYMENT_TARGET = 15.0;
				MTL_ENABLE_DEBUG_INFO = NO;
				MTL_FAST_MATH = YES;
				SDKROOT = iphoneos;
				SWIFT_COMPILATION_MODE = wholemodule;
				SWIFT_OPTIMIZATION_LEVEL = "-O";
				VALIDATE_PRODUCT = YES;
			};
			name = Release;
		};
		1E289756276F579900B666D2 /* Debug */ = {
			isa = XCBuildConfiguration;
			buildSettings = {
				ASSETCATALOG_COMPILER_APPICON_NAME = AppIcon;
				ASSETCATALOG_COMPILER_GLOBAL_ACCENT_COLOR_NAME = AccentColor;
				CODE_SIGN_STYLE = Automatic;
				CURRENT_PROJECT_VERSION = 1;
				GENERATE_INFOPLIST_FILE = YES;
				INFOPLIST_FILE = StockTracker/Info.plist;
				INFOPLIST_KEY_UIApplicationSupportsIndirectInputEvents = YES;
				INFOPLIST_KEY_UILaunchStoryboardName = LaunchScreen;
				INFOPLIST_KEY_UISupportedInterfaceOrientations = UIInterfaceOrientationPortrait;
				INFOPLIST_KEY_UISupportedInterfaceOrientations_iPad = "UIInterfaceOrientationPortrait UIInterfaceOrientationPortraitUpsideDown UIInterfaceOrientationLandscapeLeft UIInterfaceOrientationLandscapeRight";
				INFOPLIST_KEY_UISupportedInterfaceOrientations_iPhone = "UIInterfaceOrientationPortrait UIInterfaceOrientationLandscapeLeft UIInterfaceOrientationLandscapeRight";
				LD_RUNPATH_SEARCH_PATHS = (
					"$(inherited)",
					"@executable_path/Frameworks",
				);
				MARKETING_VERSION = 1.0;
				PRODUCT_BUNDLE_IDENTIFIER = com.gwg.StockTracker;
				PRODUCT_NAME = "$(TARGET_NAME)";
				SWIFT_EMIT_LOC_STRINGS = YES;
				SWIFT_VERSION = 5.0;
				TARGETED_DEVICE_FAMILY = "1,2";
			};
			name = Debug;
		};
		1E289757276F579900B666D2 /* Release */ = {
			isa = XCBuildConfiguration;
			buildSettings = {
				ASSETCATALOG_COMPILER_APPICON_NAME = AppIcon;
				ASSETCATALOG_COMPILER_GLOBAL_ACCENT_COLOR_NAME = AccentColor;
				CODE_SIGN_STYLE = Automatic;
				CURRENT_PROJECT_VERSION = 1;
				GENERATE_INFOPLIST_FILE = YES;
				INFOPLIST_FILE = StockTracker/Info.plist;
				INFOPLIST_KEY_UIApplicationSupportsIndirectInputEvents = YES;
				INFOPLIST_KEY_UILaunchStoryboardName = LaunchScreen;
				INFOPLIST_KEY_UISupportedInterfaceOrientations = UIInterfaceOrientationPortrait;
				INFOPLIST_KEY_UISupportedInterfaceOrientations_iPad = "UIInterfaceOrientationPortrait UIInterfaceOrientationPortraitUpsideDown UIInterfaceOrientationLandscapeLeft UIInterfaceOrientationLandscapeRight";
				INFOPLIST_KEY_UISupportedInterfaceOrientations_iPhone = "UIInterfaceOrientationPortrait UIInterfaceOrientationLandscapeLeft UIInterfaceOrientationLandscapeRight";
				LD_RUNPATH_SEARCH_PATHS = (
					"$(inherited)",
					"@executable_path/Frameworks",
				);
				MARKETING_VERSION = 1.0;
				PRODUCT_BUNDLE_IDENTIFIER = com.gwg.StockTracker;
				PRODUCT_NAME = "$(TARGET_NAME)";
				SWIFT_EMIT_LOC_STRINGS = YES;
				SWIFT_VERSION = 5.0;
				TARGETED_DEVICE_FAMILY = "1,2";
			};
			name = Release;
		};
/* End XCBuildConfiguration section */

/* Begin XCConfigurationList section */
		1E289739276F577F00B666D2 /* Build configuration list for PBXProject "StockTracker" */ = {
			isa = XCConfigurationList;
			buildConfigurations = (
				1E289753276F579900B666D2 /* Debug */,
				1E289754276F579900B666D2 /* Release */,
			);
			defaultConfigurationIsVisible = 0;
			defaultConfigurationName = Release;
		};
		1E289755276F579900B666D2 /* Build configuration list for PBXNativeTarget "StockTracker" */ = {
			isa = XCConfigurationList;
			buildConfigurations = (
				1E289756276F579900B666D2 /* Debug */,
				1E289757276F579900B666D2 /* Release */,
			);
			defaultConfigurationIsVisible = 0;
			defaultConfigurationName = Release;
		};
/* End XCConfigurationList section */

/* Begin XCVersionGroup section */
		1E28974A276F577F00B666D2 /* StockTracker.xcdatamodeld */ = {
			isa = XCVersionGroup;
			children = (
				1E28974B276F577F00B666D2 /* StockTracker.xcdatamodel */,
			);
			currentVersion = 1E28974B276F577F00B666D2 /* StockTracker.xcdatamodel */;
			path = StockTracker.xcdatamodeld;
			sourceTree = "<group>";
			versionGroupType = wrapper.xcdatamodel;
		};
/* End XCVersionGroup section */
	};
	rootObject = 1E289736276F577F00B666D2 /* Project object */;
}
